// !$*UTF8*$!
{
	archiveVersion = 1;
	classes = {
	};
	objectVersion = 51;
	objects = {

/* Begin PBXBuildFile section */
		92D5CE35072AB4D258D4BC89 /* Pods_Bounce.framework in Frameworks */ = {isa = PBXBuildFile; fileRef = 57C39A6EABBAE95B5BB7BE85 /* Pods_Bounce.framework */; };
		FA5841C22438FE6C00F1610B /* MainMenu.swift in Sources */ = {isa = PBXBuildFile; fileRef = FA5841C12438FE6C00F1610B /* MainMenu.swift */; };
		FA5841C82439795E00F1610B /* MainMenu.sks in Resources */ = {isa = PBXBuildFile; fileRef = FA5841C72439795E00F1610B /* MainMenu.sks */; };
		FA5841CA2439920100F1610B /* help.xib in Resources */ = {isa = PBXBuildFile; fileRef = FA5841C92439920100F1610B /* help.xib */; };
		FA5841CC2439925F00F1610B /* help.swift in Sources */ = {isa = PBXBuildFile; fileRef = FA5841CB2439925F00F1610B /* help.swift */; };
		FA702690243899230046706F /* AppDelegate.swift in Sources */ = {isa = PBXBuildFile; fileRef = FA70268F243899230046706F /* AppDelegate.swift */; };
		FA702692243899230046706F /* GameScene.sks in Resources */ = {isa = PBXBuildFile; fileRef = FA702691243899230046706F /* GameScene.sks */; };
		FA702694243899230046706F /* Actions.sks in Resources */ = {isa = PBXBuildFile; fileRef = FA702693243899230046706F /* Actions.sks */; };
		FA702696243899230046706F /* GameScene.swift in Sources */ = {isa = PBXBuildFile; fileRef = FA702695243899230046706F /* GameScene.swift */; };
		FA702698243899230046706F /* GameViewController.swift in Sources */ = {isa = PBXBuildFile; fileRef = FA702697243899230046706F /* GameViewController.swift */; };
		FA70269B243899230046706F /* Main.storyboard in Resources */ = {isa = PBXBuildFile; fileRef = FA702699243899230046706F /* Main.storyboard */; };
		FA70269D243899250046706F /* Assets.xcassets in Resources */ = {isa = PBXBuildFile; fileRef = FA70269C243899250046706F /* Assets.xcassets */; };
		FA7026A0243899250046706F /* LaunchScreen.storyboard in Resources */ = {isa = PBXBuildFile; fileRef = FA70269E243899250046706F /* LaunchScreen.storyboard */; };
		FAC2A4972439C11E00733B96 /* Gif.swift in Sources */ = {isa = PBXBuildFile; fileRef = FAC2A4962439C11E00733B96 /* Gif.swift */; };
/* End PBXBuildFile section */

/* Begin PBXFileReference section */
		24A8397167596ED370D74981 /* Pods-Bounce.debug.xcconfig */ = {isa = PBXFileReference; includeInIndex = 1; lastKnownFileType = text.xcconfig; name = "Pods-Bounce.debug.xcconfig"; path = "Target Support Files/Pods-Bounce/Pods-Bounce.debug.xcconfig"; sourceTree = "<group>"; };
		31E9452F067E1E17C99BB14C /* Pods-Bounce.release.xcconfig */ = {isa = PBXFileReference; includeInIndex = 1; lastKnownFileType = text.xcconfig; name = "Pods-Bounce.release.xcconfig"; path = "Target Support Files/Pods-Bounce/Pods-Bounce.release.xcconfig"; sourceTree = "<group>"; };
		57C39A6EABBAE95B5BB7BE85 /* Pods_Bounce.framework */ = {isa = PBXFileReference; explicitFileType = wrapper.framework; includeInIndex = 0; path = Pods_Bounce.framework; sourceTree = BUILT_PRODUCTS_DIR; };
		FA33C88A243A9BB300EBD564 /* Bounce-Bridging-Header.h */ = {isa = PBXFileReference; lastKnownFileType = sourcecode.c.h; path = "Bounce-Bridging-Header.h"; sourceTree = "<group>"; };
		FA5841C12438FE6C00F1610B /* MainMenu.swift */ = {isa = PBXFileReference; lastKnownFileType = sourcecode.swift; path = MainMenu.swift; sourceTree = "<group>"; };
		FA5841C72439795E00F1610B /* MainMenu.sks */ = {isa = PBXFileReference; lastKnownFileType = file.sks; path = MainMenu.sks; sourceTree = "<group>"; };
		FA5841C92439920100F1610B /* help.xib */ = {isa = PBXFileReference; lastKnownFileType = file.xib; path = help.xib; sourceTree = "<group>"; };
		FA5841CB2439925F00F1610B /* help.swift */ = {isa = PBXFileReference; lastKnownFileType = sourcecode.swift; path = help.swift; sourceTree = "<group>"; };
		FA70268C243899230046706F /* Bounce.app */ = {isa = PBXFileReference; explicitFileType = wrapper.application; includeInIndex = 0; path = Bounce.app; sourceTree = BUILT_PRODUCTS_DIR; };
		FA70268F243899230046706F /* AppDelegate.swift */ = {isa = PBXFileReference; lastKnownFileType = sourcecode.swift; path = AppDelegate.swift; sourceTree = "<group>"; };
		FA702691243899230046706F /* GameScene.sks */ = {isa = PBXFileReference; lastKnownFileType = file.sks; path = GameScene.sks; sourceTree = "<group>"; };
		FA702693243899230046706F /* Actions.sks */ = {isa = PBXFileReference; lastKnownFileType = file.sks; path = Actions.sks; sourceTree = "<group>"; };
		FA702695243899230046706F /* GameScene.swift */ = {isa = PBXFileReference; lastKnownFileType = sourcecode.swift; path = GameScene.swift; sourceTree = "<group>"; };
		FA702697243899230046706F /* GameViewController.swift */ = {isa = PBXFileReference; lastKnownFileType = sourcecode.swift; path = GameViewController.swift; sourceTree = "<group>"; };
		FA70269A243899230046706F /* Base */ = {isa = PBXFileReference; lastKnownFileType = file.storyboard; name = Base; path = Base.lproj/Main.storyboard; sourceTree = "<group>"; };
		FA70269C243899250046706F /* Assets.xcassets */ = {isa = PBXFileReference; lastKnownFileType = folder.assetcatalog; path = Assets.xcassets; sourceTree = "<group>"; };
		FA70269F243899250046706F /* Base */ = {isa = PBXFileReference; lastKnownFileType = file.storyboard; name = Base; path = Base.lproj/LaunchScreen.storyboard; sourceTree = "<group>"; };
		FA7026A1243899250046706F /* Info.plist */ = {isa = PBXFileReference; lastKnownFileType = text.plist.xml; path = Info.plist; sourceTree = "<group>"; };
		FAC2A4962439C11E00733B96 /* Gif.swift */ = {isa = PBXFileReference; lastKnownFileType = sourcecode.swift; path = Gif.swift; sourceTree = "<group>"; };
/* End PBXFileReference section */

/* Begin PBXFrameworksBuildPhase section */
		FA702689243899230046706F /* Frameworks */ = {
			isa = PBXFrameworksBuildPhase;
			buildActionMask = 2147483647;
			files = (
				92D5CE35072AB4D258D4BC89 /* Pods_Bounce.framework in Frameworks */,
			);
			runOnlyForDeploymentPostprocessing = 0;
		};
/* End PBXFrameworksBuildPhase section */

/* Begin PBXGroup section */
		56B292A9DE4A16E0734E9FB2 /* Pods */ = {
			isa = PBXGroup;
			children = (
				24A8397167596ED370D74981 /* Pods-Bounce.debug.xcconfig */,
				31E9452F067E1E17C99BB14C /* Pods-Bounce.release.xcconfig */,
			);
			path = Pods;
			sourceTree = "<group>";
		};
		9379616A9D2B7DCC1A7C370A /* Frameworks */ = {
			isa = PBXGroup;
			children = (
				57C39A6EABBAE95B5BB7BE85 /* Pods_Bounce.framework */,
			);
			name = Frameworks;
			sourceTree = "<group>";
		};
		FA702683243899230046706F = {
			isa = PBXGroup;
			children = (
				FA70268E243899230046706F /* Bounce */,
				FA70268D243899230046706F /* Products */,
				56B292A9DE4A16E0734E9FB2 /* Pods */,
				9379616A9D2B7DCC1A7C370A /* Frameworks */,
			);
			sourceTree = "<group>";
		};
		FA70268D243899230046706F /* Products */ = {
			isa = PBXGroup;
			children = (
				FA70268C243899230046706F /* Bounce.app */,
			);
			name = Products;
			sourceTree = "<group>";
		};
		FA70268E243899230046706F /* Bounce */ = {
			isa = PBXGroup;
			children = (
				FA70268F243899230046706F /* AppDelegate.swift */,
				FA702691243899230046706F /* GameScene.sks */,
				FA702693243899230046706F /* Actions.sks */,
				FA702695243899230046706F /* GameScene.swift */,
				FA702699243899230046706F /* Main.storyboard */,
				FA702697243899230046706F /* GameViewController.swift */,
				FA70269C243899250046706F /* Assets.xcassets */,
				FA70269E243899250046706F /* LaunchScreen.storyboard */,
				FA7026A1243899250046706F /* Info.plist */,
				FA5841C12438FE6C00F1610B /* MainMenu.swift */,
				FA5841C72439795E00F1610B /* MainMenu.sks */,
				FA5841C92439920100F1610B /* help.xib */,
				FA5841CB2439925F00F1610B /* help.swift */,
				FAC2A4962439C11E00733B96 /* Gif.swift */,
				FA33C88A243A9BB300EBD564 /* Bounce-Bridging-Header.h */,
			);
			path = Bounce;
			sourceTree = "<group>";
		};
/* End PBXGroup section */

/* Begin PBXNativeTarget section */
		FA70268B243899230046706F /* Bounce */ = {
			isa = PBXNativeTarget;
			buildConfigurationList = FA7026A4243899250046706F /* Build configuration list for PBXNativeTarget "Bounce" */;
			buildPhases = (
				AA65BFFCC1AA0AF94024C37E /* [CP] Check Pods Manifest.lock */,
				FA702688243899230046706F /* Sources */,
				FA702689243899230046706F /* Frameworks */,
				FA70268A243899230046706F /* Resources */,
				13A599E9263755E69636879A /* [CP] Embed Pods Frameworks */,
			);
			buildRules = (
			);
			dependencies = (
			);
			name = Bounce;
			productName = Bounce;
			productReference = FA70268C243899230046706F /* Bounce.app */;
			productType = "com.apple.product-type.application";
		};
/* End PBXNativeTarget section */

/* Begin PBXProject section */
		FA702684243899230046706F /* Project object */ = {
			isa = PBXProject;
			attributes = {
				LastSwiftUpdateCheck = 1130;
				LastUpgradeCheck = 1130;
				ORGANIZATIONNAME = "Wayne Apps";
				TargetAttributes = {
					FA70268B243899230046706F = {
						CreatedOnToolsVersion = 11.3.1;
					};
				};
			};
			buildConfigurationList = FA702687243899230046706F /* Build configuration list for PBXProject "Bounce" */;
			compatibilityVersion = "Xcode 9.3";
			developmentRegion = en;
			hasScannedForEncodings = 0;
			knownRegions = (
				en,
				Base,
			);
			mainGroup = FA702683243899230046706F;
			productRefGroup = FA70268D243899230046706F /* Products */;
			projectDirPath = "";
			projectRoot = "";
			targets = (
				FA70268B243899230046706F /* Bounce */,
			);
		};
/* End PBXProject section */

/* Begin PBXResourcesBuildPhase section */
		FA70268A243899230046706F /* Resources */ = {
			isa = PBXResourcesBuildPhase;
			buildActionMask = 2147483647;
			files = (
				FA70269B243899230046706F /* Main.storyboard in Resources */,
				FA5841C82439795E00F1610B /* MainMenu.sks in Resources */,
				FA5841CA2439920100F1610B /* help.xib in Resources */,
				FA702692243899230046706F /* GameScene.sks in Resources */,
				FA70269D243899250046706F /* Assets.xcassets in Resources */,
				FA7026A0243899250046706F /* LaunchScreen.storyboard in Resources */,
				FA702694243899230046706F /* Actions.sks in Resources */,
			);
			runOnlyForDeploymentPostprocessing = 0;
		};
/* End PBXResourcesBuildPhase section */

/* Begin PBXShellScriptBuildPhase section */
		13A599E9263755E69636879A /* [CP] Embed Pods Frameworks */ = {
			isa = PBXShellScriptBuildPhase;
			buildActionMask = 2147483647;
			files = (
			);
			inputFileListPaths = (
				"${PODS_ROOT}/Target Support Files/Pods-Bounce/Pods-Bounce-frameworks-${CONFIGURATION}-input-files.xcfilelist",
			);
			name = "[CP] Embed Pods Frameworks";
			outputFileListPaths = (
				"${PODS_ROOT}/Target Support Files/Pods-Bounce/Pods-Bounce-frameworks-${CONFIGURATION}-output-files.xcfilelist",
			);
			runOnlyForDeploymentPostprocessing = 0;
			shellPath = /bin/sh;
			shellScript = "\"${PODS_ROOT}/Target Support Files/Pods-Bounce/Pods-Bounce-frameworks.sh\"\n";
			showEnvVarsInLog = 0;
		};
		AA65BFFCC1AA0AF94024C37E /* [CP] Check Pods Manifest.lock */ = {
			isa = PBXShellScriptBuildPhase;
			buildActionMask = 2147483647;
			files = (
			);
			inputFileListPaths = (
			);
			inputPaths = (
				"${PODS_PODFILE_DIR_PATH}/Podfile.lock",
				"${PODS_ROOT}/Manifest.lock",
			);
			name = "[CP] Check Pods Manifest.lock";
			outputFileListPaths = (
			);
			outputPaths = (
				"$(DERIVED_FILE_DIR)/Pods-Bounce-checkManifestLockResult.txt",
			);
			runOnlyForDeploymentPostprocessing = 0;
			shellPath = /bin/sh;
			shellScript = "diff \"${PODS_PODFILE_DIR_PATH}/Podfile.lock\" \"${PODS_ROOT}/Manifest.lock\" > /dev/null\nif [ $? != 0 ] ; then\n    # print error to STDERR\n    echo \"error: The sandbox is not in sync with the Podfile.lock. Run 'pod install' or update your CocoaPods installation.\" >&2\n    exit 1\nfi\n# This output is used by Xcode 'outputs' to avoid re-running this script phase.\necho \"SUCCESS\" > \"${SCRIPT_OUTPUT_FILE_0}\"\n";
			showEnvVarsInLog = 0;
		};
/* End PBXShellScriptBuildPhase section */

/* Begin PBXSourcesBuildPhase section */
		FA702688243899230046706F /* Sources */ = {
			isa = PBXSourcesBuildPhase;
			buildActionMask = 2147483647;
			files = (
				FA702696243899230046706F /* GameScene.swift in Sources */,
				FA702698243899230046706F /* GameViewController.swift in Sources */,
				FAC2A4972439C11E00733B96 /* Gif.swift in Sources */,
				FA5841CC2439925F00F1610B /* help.swift in Sources */,
				FA702690243899230046706F /* AppDelegate.swift in Sources */,
				FA5841C22438FE6C00F1610B /* MainMenu.swift in Sources */,
			);
			runOnlyForDeploymentPostprocessing = 0;
		};
/* End PBXSourcesBuildPhase section */

/* Begin PBXVariantGroup section */
		FA702699243899230046706F /* Main.storyboard */ = {
			isa = PBXVariantGroup;
			children = (
				FA70269A243899230046706F /* Base */,
			);
			name = Main.storyboard;
			sourceTree = "<group>";
		};
		FA70269E243899250046706F /* LaunchScreen.storyboard */ = {
			isa = PBXVariantGroup;
			children = (
				FA70269F243899250046706F /* Base */,
			);
			name = LaunchScreen.storyboard;
			sourceTree = "<group>";
		};
/* End PBXVariantGroup section */

/* Begin XCBuildConfiguration section */
		FA7026A2243899250046706F /* Debug */ = {
			isa = XCBuildConfiguration;
			buildSettings = {
				ALWAYS_SEARCH_USER_PATHS = NO;
				CLANG_ANALYZER_NONNULL = YES;
				CLANG_ANALYZER_NUMBER_OBJECT_CONVERSION = YES_AGGRESSIVE;
				CLANG_CXX_LANGUAGE_STANDARD = "gnu++14";
				CLANG_CXX_LIBRARY = "libc++";
				CLANG_ENABLE_MODULES = YES;
				CLANG_ENABLE_OBJC_ARC = YES;
				CLANG_ENABLE_OBJC_WEAK = YES;
				CLANG_WARN_BLOCK_CAPTURE_AUTORELEASING = YES;
				CLANG_WARN_BOOL_CONVERSION = YES;
				CLANG_WARN_COMMA = YES;
				CLANG_WARN_CONSTANT_CONVERSION = YES;
				CLANG_WARN_DEPRECATED_OBJC_IMPLEMENTATIONS = YES;
				CLANG_WARN_DIRECT_OBJC_ISA_USAGE = YES_ERROR;
				CLANG_WARN_DOCUMENTATION_COMMENTS = YES;
				CLANG_WARN_EMPTY_BODY = YES;
				CLANG_WARN_ENUM_CONVERSION = YES;
				CLANG_WARN_INFINITE_RECURSION = YES;
				CLANG_WARN_INT_CONVERSION = YES;
				CLANG_WARN_NON_LITERAL_NULL_CONVERSION = YES;
				CLANG_WARN_OBJC_IMPLICIT_RETAIN_SELF = YES;
				CLANG_WARN_OBJC_LITERAL_CONVERSION = YES;
				CLANG_WARN_OBJC_ROOT_CLASS = YES_ERROR;
				CLANG_WARN_RANGE_LOOP_ANALYSIS = YES;
				CLANG_WARN_STRICT_PROTOTYPES = YES;
				CLANG_WARN_SUSPICIOUS_MOVE = YES;
				CLANG_WARN_UNGUARDED_AVAILABILITY = YES_AGGRESSIVE;
				CLANG_WARN_UNREACHABLE_CODE = YES;
				CLANG_WARN__DUPLICATE_METHOD_MATCH = YES;
				COPY_PHASE_STRIP = NO;
				DEBUG_INFORMATION_FORMAT = dwarf;
				ENABLE_STRICT_OBJC_MSGSEND = YES;
				ENABLE_TESTABILITY = YES;
				GCC_C_LANGUAGE_STANDARD = gnu11;
				GCC_DYNAMIC_NO_PIC = NO;
				GCC_NO_COMMON_BLOCKS = YES;
				GCC_OPTIMIZATION_LEVEL = 0;
				GCC_PREPROCESSOR_DEFINITIONS = (
					"DEBUG=1",
					"$(inherited)",
				);
				GCC_WARN_64_TO_32_BIT_CONVERSION = YES;
				GCC_WARN_ABOUT_RETURN_TYPE = YES_ERROR;
				GCC_WARN_UNDECLARED_SELECTOR = YES;
				GCC_WARN_UNINITIALIZED_AUTOS = YES_AGGRESSIVE;
				GCC_WARN_UNUSED_FUNCTION = YES;
				GCC_WARN_UNUSED_VARIABLE = YES;
				IPHONEOS_DEPLOYMENT_TARGET = 13.2;
				MTL_ENABLE_DEBUG_INFO = INCLUDE_SOURCE;
				MTL_FAST_MATH = YES;
				ONLY_ACTIVE_ARCH = YES;
				SDKROOT = iphoneos;
				SWIFT_ACTIVE_COMPILATION_CONDITIONS = DEBUG;
				"SWIFT_OBJC_BRIDGING_HEADER[arch=*]" = "/Users/alex/Programming/Games/Xcode/Bounce/Bounce/Bounce-Bridging-Header.h";
				SWIFT_OPTIMIZATION_LEVEL = "-Onone";
			};
			name = Debug;
		};
		FA7026A3243899250046706F /* Release */ = {
			isa = XCBuildConfiguration;
			buildSettings = {
				ALWAYS_SEARCH_USER_PATHS = NO;
				CLANG_ANALYZER_NONNULL = YES;
				CLANG_ANALYZER_NUMBER_OBJECT_CONVERSION = YES_AGGRESSIVE;
				CLANG_CXX_LANGUAGE_STANDARD = "gnu++14";
				CLANG_CXX_LIBRARY = "libc++";
				CLANG_ENABLE_MODULES = YES;
				CLANG_ENABLE_OBJC_ARC = YES;
				CLANG_ENABLE_OBJC_WEAK = YES;
				CLANG_WARN_BLOCK_CAPTURE_AUTORELEASING = YES;
				CLANG_WARN_BOOL_CONVERSION = YES;
				CLANG_WARN_COMMA = YES;
				CLANG_WARN_CONSTANT_CONVERSION = YES;
				CLANG_WARN_DEPRECATED_OBJC_IMPLEMENTATIONS = YES;
				CLANG_WARN_DIRECT_OBJC_ISA_USAGE = YES_ERROR;
				CLANG_WARN_DOCUMENTATION_COMMENTS = YES;
				CLANG_WARN_EMPTY_BODY = YES;
				CLANG_WARN_ENUM_CONVERSION = YES;
				CLANG_WARN_INFINITE_RECURSION = YES;
				CLANG_WARN_INT_CONVERSION = YES;
				CLANG_WARN_NON_LITERAL_NULL_CONVERSION = YES;
				CLANG_WARN_OBJC_IMPLICIT_RETAIN_SELF = YES;
				CLANG_WARN_OBJC_LITERAL_CONVERSION = YES;
				CLANG_WARN_OBJC_ROOT_CLASS = YES_ERROR;
				CLANG_WARN_RANGE_LOOP_ANALYSIS = YES;
				CLANG_WARN_STRICT_PROTOTYPES = YES;
				CLANG_WARN_SUSPICIOUS_MOVE = YES;
				CLANG_WARN_UNGUARDED_AVAILABILITY = YES_AGGRESSIVE;
				CLANG_WARN_UNREACHABLE_CODE = YES;
				CLANG_WARN__DUPLICATE_METHOD_MATCH = YES;
				COPY_PHASE_STRIP = NO;
				DEBUG_INFORMATION_FORMAT = "dwarf-with-dsym";
				ENABLE_NS_ASSERTIONS = NO;
				ENABLE_STRICT_OBJC_MSGSEND = YES;
				GCC_C_LANGUAGE_STANDARD = gnu11;
				GCC_NO_COMMON_BLOCKS = YES;
				GCC_WARN_64_TO_32_BIT_CONVERSION = YES;
				GCC_WARN_ABOUT_RETURN_TYPE = YES_ERROR;
				GCC_WARN_UNDECLARED_SELECTOR = YES;
				GCC_WARN_UNINITIALIZED_AUTOS = YES_AGGRESSIVE;
				GCC_WARN_UNUSED_FUNCTION = YES;
				GCC_WARN_UNUSED_VARIABLE = YES;
				IPHONEOS_DEPLOYMENT_TARGET = 13.2;
				MTL_ENABLE_DEBUG_INFO = NO;
				MTL_FAST_MATH = YES;
				SDKROOT = iphoneos;
				SWIFT_COMPILATION_MODE = wholemodule;
				"SWIFT_OBJC_BRIDGING_HEADER[arch=*]" = "/Users/alex/Programming/Games/Xcode/Bounce/Bounce/Bounce-Bridging-Header.h";
				SWIFT_OPTIMIZATION_LEVEL = "-O";
				VALIDATE_PRODUCT = YES;
			};
			name = Release;
		};
		FA7026A5243899250046706F /* Debug */ = {
			isa = XCBuildConfiguration;
			baseConfigurationReference = 24A8397167596ED370D74981 /* Pods-Bounce.debug.xcconfig */;
			buildSettings = {
				ASSETCATALOG_COMPILER_APPICON_NAME = AppIcon;
				CODE_SIGN_STYLE = Automatic;
				CURRENT_PROJECT_VERSION = 1;
				DEVELOPMENT_TEAM = TX4WW8TVSW;
				FRAMEWORK_SEARCH_PATHS = (
					"$(inherited)",
					"$(PROJECT_DIR)/Tapjoy.embeddedframework",
					"$(PROJECT_DIR)",
				);
				INFOPLIST_FILE = Bounce/Info.plist;
				IPHONEOS_DEPLOYMENT_TARGET = 11.0;
				LD_RUNPATH_SEARCH_PATHS = (
					"$(inherited)",
					"@executable_path/Frameworks",
				);
				MARKETING_VERSION = 1.0.4;
				PRODUCT_BUNDLE_IDENTIFIER = com.wayneapps.bouncedodge;
				PRODUCT_NAME = "$(TARGET_NAME)";
				SWIFT_VERSION = 5.0;
				TARGETED_DEVICE_FAMILY = 1;
			};
			name = Debug;
		};
		FA7026A6243899250046706F /* Release */ = {
			isa = XCBuildConfiguration;
			baseConfigurationReference = 31E9452F067E1E17C99BB14C /* Pods-Bounce.release.xcconfig */;
			buildSettings = {
				ASSETCATALOG_COMPILER_APPICON_NAME = AppIcon;
				CODE_SIGN_STYLE = Automatic;
				CURRENT_PROJECT_VERSION = 1;
				DEVELOPMENT_TEAM = TX4WW8TVSW;
				FRAMEWORK_SEARCH_PATHS = (
					"$(inherited)",
					"$(PROJECT_DIR)/Tapjoy.embeddedframework",
					"$(PROJECT_DIR)",
				);
				INFOPLIST_FILE = Bounce/Info.plist;
				IPHONEOS_DEPLOYMENT_TARGET = 11.0;
				LD_RUNPATH_SEARCH_PATHS = (
					"$(inherited)",
					"@executable_path/Frameworks",
				);
				MARKETING_VERSION = 1.0.4;
				PRODUCT_BUNDLE_IDENTIFIER = com.wayneapps.bouncedodge;
				PRODUCT_NAME = "$(TARGET_NAME)";
				SWIFT_VERSION = 5.0;
				TARGETED_DEVICE_FAMILY = 1;
			};
			name = Release;
		};
/* End XCBuildConfiguration section */

/* Begin XCConfigurationList section */
		FA702687243899230046706F /* Build configuration list for PBXProject "Bounce" */ = {
			isa = XCConfigurationList;
			buildConfigurations = (
				FA7026A2243899250046706F /* Debug */,
				FA7026A3243899250046706F /* Release */,
			);
			defaultConfigurationIsVisible = 0;
			defaultConfigurationName = Release;
		};
		FA7026A4243899250046706F /* Build configuration list for PBXNativeTarget "Bounce" */ = {
			isa = XCConfigurationList;
			buildConfigurations = (
				FA7026A5243899250046706F /* Debug */,
				FA7026A6243899250046706F /* Release */,
			);
			defaultConfigurationIsVisible = 0;
			defaultConfigurationName = Release;
		};
/* End XCConfigurationList section */
	};
	rootObject = FA702684243899230046706F /* Project object */;
}
